
Microsoft Visual Studio Solution File, Format Version 12.00
# Visual Studio Version 17
VisualStudioVersion = 17.5.002.0
MinimumVisualStudioVersion = 10.0.40219.1
Project("{9A19103F-16F7-4668-BE54-9A1E7A4F7556}") = "AmplifyNash", "AmplifyNash.csproj", "{BF79F369-5182-4677-AACB-7907DBF32DCF}"
EndProject
Global
	GlobalSection(SolutionConfigurationPlatforms) = preSolution
		Debug|Any CPU = Debug|Any CPU
		Release|Any CPU = Release|Any CPU
	EndGlobalSection
	GlobalSection(ProjectConfigurationPlatforms) = postSolution
		{BF79F369-5182-4677-AACB-7907DBF32DCF}.Debug|Any CPU.ActiveCfg = Debug|Any CPU
		{BF79F369-5182-4677-AACB-7907DBF32DCF}.Debug|Any CPU.Build.0 = Debug|Any CPU
		{BF79F369-5182-4677-AACB-7907DBF32DCF}.Release|Any CPU.ActiveCfg = Release|Any CPU
		{BF79F369-5182-4677-AACB-7907DBF32DCF}.Release|Any CPU.Build.0 = Release|Any CPU
	EndGlobalSection
	GlobalSection(SolutionProperties) = preSolution
		HideSolutionNode = FALSE
	EndGlobalSection
	GlobalSection(ExtensibilityGlobals) = postSolution
		SolutionGuid = {B3EB4FF5-A789-46E0-8312-4358B31F6E1B}
	EndGlobalSection
EndGlobal
